{
  "originHash" : "e8f44956cb8f5a9cd4d060b7abc9f1de023509f35f9a8ebc6b0d2ed07a65b396",
  "pins" : [
    {
      "identity" : "routablelogger",
      "kind" : "remoteSourceControl",
      "location" : "https://github.com/anton-plebanovich/RoutableLogger",
      "state" : {
        "revision" : "e544488de124ab2a72a4e2490759ab6a8a084701",
        "version" : "2.0.0"
      }
    },
    {
      "identity" : "rxswift",
      "kind" : "remoteSourceControl",
      "location" : "https://github.com/ReactiveX/RxSwift.git",
      "state" : {
        "revision" : "5dd1907d64f0d36f158f61a466bab75067224893",
        "version" : "6.9.0"
      }
    }
  ],
  "version" : 3
}
