{
  "originHash" : "2df05a99bea98eb6e12bfbdbe1ace415d12480ec629b5e41839ebbe612e4c8ff",
  "pins" : [
    {
      "identity" : "routablelogger",
      "kind" : "remoteSourceControl",
      "location" : "https://github.com/anton-plebanovich/RoutableLogger",
      "state" : {
        "revision" : "754e0972cbf364e3bdfc27a0ad618eae50b6ef4c",
        "version" : "1.0.0"
      }
    },
    {
      "identity" : "rxswift",
      "kind" : "remoteSourceControl",
      "location" : "https://github.com/ReactiveX/RxSwift.git",
      "state" : {
        "revision" : "9dcaa4b333db437b0fbfaf453fad29069044a8b4",
        "version" : "6.6.0"
      }
    }
  ],
  "version" : 3
}
