PODS:
  - APExtensions (10.0.0):
    - APExtensions/Core (= 10.0.0)
    - APExtensions/Storyboard (= 10.0.0)
    - APExtensions/ViewConfiguration (= 10.0.0)
  - APExtensions/Core (10.0.0):
    - RoutableLogger
  - APExtensions/Storyboard (10.0.0)
  - APExtensions/ViewConfiguration (10.0.0)
  - RoutableLogger (9.1.10)
  - ViewState (1.2.1):
    - RoutableLogger

DEPENDENCIES:
  - APExtensions (from `https://github.com/APUtils/APExtensions`, branch `master`)
  - ViewState (from `../`)

SPEC REPOS:
  trunk:
    - RoutableLogger

EXTERNAL SOURCES:
  APExtensions:
    :branch: master
    :git: https://github.com/APUtils/APExtensions
  ViewState:
    :path: "../"

CHECKOUT OPTIONS:
  APExtensions:
    :commit: a35dbd86153c87ea10f7e88b757f49e2743e34e8
    :git: https://github.com/APUtils/APExtensions

SPEC CHECKSUMS:
  APExtensions: 61ac6903670be0a2dba70dacbc4bd39f768e47af
  RoutableLogger: 5bfbffe104a5b9edd805909212130029721ee8f8
  ViewState: 75eb91aa8f176de4e784170447b35052923a1788

PODFILE CHECKSUM: 95c0096510056c2389483764db1fa1ea8f3d4a21

COCOAPODS: 1.11.2
