PODS:
  - APExtensions (14.2.0):
    - APExtensions/Core (= 14.2.0)
    - APExtensions/Dispatch (= 14.2.0)
    - APExtensions/Occupiable (= 14.2.0)
    - APExtensions/OptionalType (= 14.2.0)
    - APExtensions/Storyboard (= 14.2.0)
    - APExtensions/ViewModel (= 14.2.0)
  - APExtensions/Core (14.2.0):
    - RoutableLogger
  - APExtensions/Dispatch (14.2.0):
    - RoutableLogger
  - APExtensions/Occupiable (14.2.0)
  - APExtensions/OptionalType (14.2.0)
  - APExtensions/Storyboard (14.2.0):
    - RoutableLogger
  - APExtensions/ViewModel (14.2.0)
  - RoutableLogger (12.3.3)
  - RxCocoa (6.6.0):
    - RxRelay (= 6.6.0)
    - RxSwift (= 6.6.0)
  - RxRelay (6.6.0):
    - RxSwift (= 6.6.0)
  - RxSwift (6.6.0)
  - ViewState/Core (2.1.0):
    - RoutableLogger (>= 9.1.11)
  - ViewState/RxSwift (2.1.0):
    - RxCocoa
    - RxSwift
    - ViewState/Core

DEPENDENCIES:
  - APExtensions (from `https://github.com/APUtils/APExtensions`, branch `master`)
  - ViewState/RxSwift (from `../`)

SPEC REPOS:
  trunk:
    - RoutableLogger
    - RxCocoa
    - RxRelay
    - RxSwift

EXTERNAL SOURCES:
  APExtensions:
    :branch: master
    :git: https://github.com/APUtils/APExtensions
  ViewState:
    :path: "../"

CHECKOUT OPTIONS:
  APExtensions:
    :commit: 7cead7483a09dcf0de15264361f809014166d995
    :git: https://github.com/APUtils/APExtensions

SPEC CHECKSUMS:
  APExtensions: 06c059d069034fb32db789432ee889274b453435
  RoutableLogger: ff5425f9ec26ec79241a591a1ed16a7a69d70b2f
  RxCocoa: 44a80de90e25b739b5aeaae3c8c371a32e3343cc
  RxRelay: 45eaa5db8ee4fb50e5ebd57deec0159e97fa51e6
  RxSwift: a4b44f7d24599f674deebd1818eab82e58410632
  ViewState: dcc7032ca1a5534afac24e6d6af311b129d0f3bc

PODFILE CHECKSUM: 1de944eac9c2bc82e81f61b3af29a00b8a0150ce

COCOAPODS: 1.15.2
